{
  "version": 4,
  "terraform_version": "1.6.3",
  "serial": 21,
  "lineage": "b4f4a5f3-687a-b842-aff2-8c328eb0bb44",
  "outputs": {
    "lambda": {
      "value": "arn:aws:lambda:ap-south-1:867008159002:function:urlCheckerLambdaTF:$LATEST",
      "type": "string"
    }
  },
  "resources": [
    {
      "mode": "data",
      "type": "archive_file",
      "name": "zip",
      "provider": "provider[\"registry.terraform.io/hashicorp/archive\"]",
      "instances": [
        {
          "schema_version": 0,
          "attributes": {
            "exclude_symlink_directories": null,
            "excludes": null,
            "id": "5f32f163e3f394db6c15a36ff54b350eaf886898",
            "output_base64sha256": "4DzDpQujMW5sdB3SPImOgm7HctyQN414vyFbGvxx3O0=",
            "output_base64sha512": "sTk42+hil8EaWrfPSBJyzRNXkggnwkNcC+zlnS8ynkh/iXp2H0WNE5/KP3kn7ZjDLtGwLrJEjmtwKjUlL3YXBQ==",
            "output_file_mode": null,
            "output_md5": "7f16cb2e69bb643b2ec841f06db24ac9",
            "output_path": "index.zip",
            "output_sha": "5f32f163e3f394db6c15a36ff54b350eaf886898",
            "output_sha256": "e03cc3a50ba3316e6c741dd23c898e826ec772dc90378d78bf215b1afc71dced",
            "output_sha512": "b13938dbe86297c11a5ab7cf481272cd1357920827c2435c0bece59d2f329e487f897a761f458d139fca3f7927ed98c32ed1b02eb2448e6b702a35252f761705",
            "output_size": 1640,
            "source": [],
            "source_content": null,
            "source_content_filename": null,
            "source_dir": null,
            "source_file": "index.js",
            "type": "zip"
          },
          "sensitive_attributes": []
        }
      ]
    },
    {
      "mode": "data",
      "type": "aws_iam_policy_document",
      "name": "lambda_cw_assume_role_policy",
      "provider": "provider[\"registry.terraform.io/hashicorp/aws\"]",
      "instances": [
        {
          "schema_version": 0,
          "attributes": {
            "id": "1604711841",
            "json": "{\n  \"Version\": \"2012-10-17\",\n  \"Statement\": [\n    {\n      \"Effect\": \"Allow\",\n      \"Action\": \"sts:AssumeRole\",\n      \"Principal\": {\n        \"Service\": \"lambda.amazonaws.com\"\n      }\n    }\n  ]\n}",
            "minified_json": "{\"Version\":\"2012-10-17\",\"Statement\":[{\"Effect\":\"Allow\",\"Action\":\"sts:AssumeRole\",\"Principal\":{\"Service\":\"lambda.amazonaws.com\"}}]}",
            "override_json": null,
            "override_policy_documents": null,
            "policy_id": null,
            "source_json": null,
            "source_policy_documents": null,
            "statement": [
              {
                "actions": [
                  "sts:AssumeRole"
                ],
                "condition": [],
                "effect": "Allow",
                "not_actions": [],
                "not_principals": [],
                "not_resources": [],
                "principals": [
                  {
                    "identifiers": [
                      "lambda.amazonaws.com"
                    ],
                    "type": "Service"
                  }
                ],
                "resources": [],
                "sid": ""
              }
            ],
            "version": "2012-10-17"
          },
          "sensitive_attributes": []
        }
      ]
    },
    {
      "mode": "managed",
      "type": "aws_cloudwatch_event_rule",
      "name": "daily_trigger_rule",
      "provider": "provider[\"registry.terraform.io/hashicorp/aws\"]",
      "instances": [
        {
          "schema_version": 1,
          "attributes": {
            "arn": "arn:aws:events:ap-south-1:867008159002:rule/daily-trigger-rule",
            "description": "Triggers the Lambda function daily at 15:45 UTC",
            "event_bus_name": "default",
            "event_pattern": null,
            "force_destroy": false,
            "id": "daily-trigger-rule",
            "is_enabled": true,
            "name": "daily-trigger-rule",
            "name_prefix": "",
            "role_arn": "",
            "schedule_expression": "cron(48 15 * * ? *)",
            "state": "ENABLED",
            "tags": null,
            "tags_all": {}
          },
          "sensitive_attributes": [],
          "private": "eyJzY2hlbWFfdmVyc2lvbiI6IjEifQ=="
        }
      ]
    },
    {
      "mode": "managed",
      "type": "aws_cloudwatch_event_target",
      "name": "lambda_target",
      "provider": "provider[\"registry.terraform.io/hashicorp/aws\"]",
      "instances": [
        {
          "schema_version": 1,
          "attributes": {
            "arn": "arn:aws:lambda:ap-south-1:867008159002:function:urlCheckerLambdaTF",
            "batch_target": [],
            "dead_letter_config": [],
            "ecs_target": [],
            "event_bus_name": "default",
            "force_destroy": false,
            "http_target": [],
            "id": "daily-trigger-rule-terraform-20240922154702525800000001",
            "input": "",
            "input_path": "",
            "input_transformer": [],
            "kinesis_target": [],
            "redshift_target": [],
            "retry_policy": [],
            "role_arn": "",
            "rule": "daily-trigger-rule",
            "run_command_targets": [],
            "sagemaker_pipeline_target": [],
            "sqs_target": [],
            "target_id": "terraform-20240922154702525800000001"
          },
          "sensitive_attributes": [],
          "private": "eyJzY2hlbWFfdmVyc2lvbiI6IjEifQ==",
          "dependencies": [
            "aws_cloudwatch_event_rule.daily_trigger_rule",
            "aws_cloudwatch_log_group.urlCheckerLambdaTF",
            "aws_iam_role.iam_for_lambda_cw_role_tf",
            "aws_iam_role_policy.lambda_logging_policy",
            "aws_lambda_function.lambda",
            "data.archive_file.zip",
            "data.aws_iam_policy_document.lambda_cw_assume_role_policy"
          ]
        }
      ]
    },
    {
      "mode": "managed",
      "type": "aws_cloudwatch_log_group",
      "name": "urlCheckerLambdaTF",
      "provider": "provider[\"registry.terraform.io/hashicorp/aws\"]",
      "instances": [
        {
          "schema_version": 0,
          "attributes": {
            "arn": "arn:aws:logs:ap-south-1:867008159002:log-group:/aws/lambda/urlCheckerLambdaTF",
            "id": "/aws/lambda/urlCheckerLambdaTF",
            "kms_key_id": "",
            "log_group_class": "STANDARD",
            "name": "/aws/lambda/urlCheckerLambdaTF",
            "name_prefix": "",
            "retention_in_days": 60,
            "skip_destroy": false,
            "tags": {
              "Name": "urlCheckerLambdaTFLogs"
            },
            "tags_all": {
              "Name": "urlCheckerLambdaTFLogs"
            }
          },
          "sensitive_attributes": [],
          "private": "bnVsbA=="
        }
      ]
    },
    {
      "mode": "managed",
      "type": "aws_iam_role",
      "name": "iam_for_lambda_cw_role_tf",
      "provider": "provider[\"registry.terraform.io/hashicorp/aws\"]",
      "instances": [
        {
          "schema_version": 0,
          "attributes": {
            "arn": "arn:aws:iam::867008159002:role/iam_for_lambda_cw_role_tf",
            "assume_role_policy": "{\"Statement\":[{\"Action\":\"sts:AssumeRole\",\"Effect\":\"Allow\",\"Principal\":{\"Service\":\"lambda.amazonaws.com\"}}],\"Version\":\"2012-10-17\"}",
            "create_date": "2024-09-22T15:09:57Z",
            "description": "",
            "force_detach_policies": false,
            "id": "iam_for_lambda_cw_role_tf",
            "inline_policy": [
              {
                "name": "lambda_logging_policy",
                "policy": "{\"Version\":\"2012-10-17\",\"Statement\":[{\"Action\":[\"logs:CreateLogGroup\",\"logs:CreateLogStream\",\"logs:PutLogEvents\"],\"Effect\":\"Allow\",\"Resource\":\"*\"}]}"
              }
            ],
            "managed_policy_arns": [],
            "max_session_duration": 3600,
            "name": "iam_for_lambda_cw_role_tf",
            "name_prefix": "",
            "path": "/",
            "permissions_boundary": "",
            "tags": {
              "Name": "iam_for_lambda_cw_role_tf"
            },
            "tags_all": {
              "Name": "iam_for_lambda_cw_role_tf"
            },
            "unique_id": "AROA4TXNWTUNFLSFHJLFR"
          },
          "sensitive_attributes": [],
          "private": "bnVsbA==",
          "dependencies": [
            "data.aws_iam_policy_document.lambda_cw_assume_role_policy"
          ]
        }
      ]
    },
    {
      "mode": "managed",
      "type": "aws_iam_role_policy",
      "name": "lambda_logging_policy",
      "provider": "provider[\"registry.terraform.io/hashicorp/aws\"]",
      "instances": [
        {
          "schema_version": 0,
          "attributes": {
            "id": "iam_for_lambda_cw_role_tf:lambda_logging_policy",
            "name": "lambda_logging_policy",
            "name_prefix": "",
            "policy": "{\"Version\":\"2012-10-17\",\"Statement\":[{\"Action\":[\"logs:CreateLogGroup\",\"logs:CreateLogStream\",\"logs:PutLogEvents\"],\"Effect\":\"Allow\",\"Resource\":\"*\"}]}",
            "role": "iam_for_lambda_cw_role_tf"
          },
          "sensitive_attributes": [],
          "private": "bnVsbA==",
          "dependencies": [
            "aws_iam_role.iam_for_lambda_cw_role_tf",
            "data.aws_iam_policy_document.lambda_cw_assume_role_policy"
          ]
        }
      ]
    },
    {
      "mode": "managed",
      "type": "aws_lambda_function",
      "name": "lambda",
      "provider": "provider[\"registry.terraform.io/hashicorp/aws\"]",
      "instances": [
        {
          "schema_version": 0,
          "attributes": {
            "architectures": [
              "arm64"
            ],
            "arn": "arn:aws:lambda:ap-south-1:867008159002:function:urlCheckerLambdaTF",
            "code_sha256": "WRasiuQQvC/H5I+f9tXSOiZ/Cq7v5N+Njd8nFuadwXw=",
            "code_signing_config_arn": "",
            "dead_letter_config": [],
            "description": "Lambda to check URL status deployed via terraform",
            "environment": [
              {
                "variables": {
                  "WEBSITE_URLS": "bit.ly/smartphonewp,bit.ly/arckportfolio,bit.ly/lexbankbot"
                }
              }
            ],
            "ephemeral_storage": [
              {
                "size": 512
              }
            ],
            "file_system_config": [],
            "filename": "index.zip",
            "function_name": "urlCheckerLambdaTF",
            "handler": "index.handler",
            "id": "urlCheckerLambdaTF",
            "image_config": [],
            "image_uri": "",
            "invoke_arn": "arn:aws:apigateway:ap-south-1:lambda:path/2015-03-31/functions/arn:aws:lambda:ap-south-1:867008159002:function:urlCheckerLambdaTF/invocations",
            "kms_key_arn": "",
            "last_modified": "2024-09-22T15:29:24.000+0000",
            "layers": [],
            "logging_config": [
              {
                "application_log_level": "",
                "log_format": "Text",
                "log_group": "/aws/lambda/urlCheckerLambdaTF",
                "system_log_level": ""
              }
            ],
            "memory_size": 128,
            "package_type": "Zip",
            "publish": false,
            "qualified_arn": "arn:aws:lambda:ap-south-1:867008159002:function:urlCheckerLambdaTF:$LATEST",
            "qualified_invoke_arn": "arn:aws:apigateway:ap-south-1:lambda:path/2015-03-31/functions/arn:aws:lambda:ap-south-1:867008159002:function:urlCheckerLambdaTF:$LATEST/invocations",
            "replace_security_groups_on_destroy": null,
            "replacement_security_group_ids": null,
            "reserved_concurrent_executions": -1,
            "role": "arn:aws:iam::867008159002:role/iam_for_lambda_cw_role_tf",
            "runtime": "nodejs18.x",
            "s3_bucket": null,
            "s3_key": null,
            "s3_object_version": null,
            "signing_job_arn": "",
            "signing_profile_version_arn": "",
            "skip_destroy": false,
            "snap_start": [],
            "source_code_hash": "4DzDpQujMW5sdB3SPImOgm7HctyQN414vyFbGvxx3O0=",
            "source_code_size": 1619,
            "tags": {
              "Name": "urlCheckerLambdaTF"
            },
            "tags_all": {
              "Name": "urlCheckerLambdaTF"
            },
            "timeout": 30,
            "timeouts": null,
            "tracing_config": [
              {
                "mode": "PassThrough"
              }
            ],
            "version": "$LATEST",
            "vpc_config": []
          },
          "sensitive_attributes": [],
          "private": "eyJlMmJmYjczMC1lY2FhLTExZTYtOGY4OC0zNDM2M2JjN2M0YzAiOnsiY3JlYXRlIjo2MDAwMDAwMDAwMDAsImRlbGV0ZSI6NjAwMDAwMDAwMDAwLCJ1cGRhdGUiOjYwMDAwMDAwMDAwMH19",
          "dependencies": [
            "aws_cloudwatch_log_group.urlCheckerLambdaTF",
            "aws_iam_role.iam_for_lambda_cw_role_tf",
            "aws_iam_role_policy.lambda_logging_policy",
            "data.archive_file.zip",
            "data.aws_iam_policy_document.lambda_cw_assume_role_policy"
          ]
        }
      ]
    },
    {
      "mode": "managed",
      "type": "aws_lambda_permission",
      "name": "allow_eventbridge_to_invoke_lambda",
      "provider": "provider[\"registry.terraform.io/hashicorp/aws\"]",
      "instances": [
        {
          "schema_version": 0,
          "attributes": {
            "action": "lambda:InvokeFunction",
            "event_source_token": null,
            "function_name": "urlCheckerLambdaTF",
            "function_url_auth_type": null,
            "id": "AllowExecutionFromEventBridge",
            "principal": "events.amazonaws.com",
            "principal_org_id": null,
            "qualifier": "",
            "source_account": null,
            "source_arn": "arn:aws:events:ap-south-1:867008159002:rule/daily-trigger-rule",
            "statement_id": "AllowExecutionFromEventBridge",
            "statement_id_prefix": ""
          },
          "sensitive_attributes": [],
          "private": "bnVsbA==",
          "dependencies": [
            "aws_cloudwatch_event_rule.daily_trigger_rule",
            "aws_cloudwatch_log_group.urlCheckerLambdaTF",
            "aws_iam_role.iam_for_lambda_cw_role_tf",
            "aws_iam_role_policy.lambda_logging_policy",
            "aws_lambda_function.lambda",
            "data.archive_file.zip",
            "data.aws_iam_policy_document.lambda_cw_assume_role_policy"
          ]
        }
      ]
    }
  ],
  "check_results": null
}
